
Microsoft Visual Studio Solution File, Format Version 12.00
# Visual Studio Version 17
VisualStudioVersion = 17.3.32922.545
MinimumVisualStudioVersion = 10.0.40219.1
Project("{9A19103F-16F7-4668-BE54-9A1E7A4F7556}") = "WebUI", "WebUI\WebUI.csproj", "{10732B0F-E056-468C-B367-7238F63A2293}"
EndProject
Project("{9A19103F-16F7-4668-BE54-9A1E7A4F7556}") = "Entities", "Entities\Entities.csproj", "{3BC883CB-FE72-4990-8C53-B9232AD6390F}"
EndProject
Project("{FAE04EC0-301F-11D3-BF4B-00C04F79EFBC}") = "DataAccess", "DataAccess\DataAccess.csproj", "{F5D41A15-95F5-4692-8910-FA2F997B4129}"
EndProject
Global
	GlobalSection(SolutionConfigurationPlatforms) = preSolution
		Debug|Any CPU = Debug|Any CPU
		Release|Any CPU = Release|Any CPU
	EndGlobalSection
	GlobalSection(ProjectConfigurationPlatforms) = postSolution
		{10732B0F-E056-468C-B367-7238F63A2293}.Debug|Any CPU.ActiveCfg = Debug|Any CPU
		{10732B0F-E056-468C-B367-7238F63A2293}.Debug|Any CPU.Build.0 = Debug|Any CPU
		{10732B0F-E056-468C-B367-7238F63A2293}.Release|Any CPU.ActiveCfg = Release|Any CPU
		{10732B0F-E056-468C-B367-7238F63A2293}.Release|Any CPU.Build.0 = Release|Any CPU
		{3BC883CB-FE72-4990-8C53-B9232AD6390F}.Debug|Any CPU.ActiveCfg = Debug|Any CPU
		{3BC883CB-FE72-4990-8C53-B9232AD6390F}.Debug|Any CPU.Build.0 = Debug|Any CPU
		{3BC883CB-FE72-4990-8C53-B9232AD6390F}.Release|Any CPU.ActiveCfg = Release|Any CPU
		{3BC883CB-FE72-4990-8C53-B9232AD6390F}.Release|Any CPU.Build.0 = Release|Any CPU
		{F5D41A15-95F5-4692-8910-FA2F997B4129}.Debug|Any CPU.ActiveCfg = Debug|Any CPU
		{F5D41A15-95F5-4692-8910-FA2F997B4129}.Debug|Any CPU.Build.0 = Debug|Any CPU
		{F5D41A15-95F5-4692-8910-FA2F997B4129}.Release|Any CPU.ActiveCfg = Release|Any CPU
		{F5D41A15-95F5-4692-8910-FA2F997B4129}.Release|Any CPU.Build.0 = Release|Any CPU
	EndGlobalSection
	GlobalSection(SolutionProperties) = preSolution
		HideSolutionNode = FALSE
	EndGlobalSection
	GlobalSection(ExtensibilityGlobals) = postSolution
		SolutionGuid = {8686DBE3-3CD0-4971-859D-7AE595F67DDD}
	EndGlobalSection
EndGlobal
